version = 1
revision = 3
requires-python = ">=3.12"

[[package]]
name = "lunar-python"
version = "1.4.8"
source = { registry = "https://pypi.org/simple" }
sdist = { url = "https://files.pythonhosted.org/packages/59/45/5154c95ae7feaab7ca508e71c3288692c09952dfe33b03b7c2f18a32e2cd/lunar_python-1.4.8.tar.gz", hash = "sha256:3aa11cc73c25e70ddf0ba5bdac7398c03acc9491a3aa512a91c9642973b669d6", size = 105862, upload-time = "2025-11-05T12:31:53.353Z" }

[[package]]
name = "mingli-engine"
version = "0.1.0"
source = { editable = "." }
dependencies = [
    { name = "lunar-python" },
]

[package.metadata]
requires-dist = [{ name = "lunar-python", specifier = "==1.4.8" }]
